
Microsoft Visual Studio Solution File, Format Version 12.00
# Visual Studio Version 16
VisualStudioVersion = 16.0.30011.22
MinimumVisualStudioVersion = 10.0.40219.1
Project("{9A19103F-16F7-4668-BE54-9A1E7A4F7556}") = "LearningHub.Nhs.Content", "LearningHub.Nhs.Content\LearningHub.Nhs.Content\LearningHub.Nhs.Content.csproj", "{A04F5120-FBE1-4877-8DA3-605532C560E3}"
EndProject
Project("{2150E333-8FDC-42A3-9474-1A3956D46DE8}") = "Solution Items", "Solution Items", "{6A57E2F7-D30D-46E4-95E7-2DCCDC2D8FAA}"
	ProjectSection(SolutionItems) = preProject
		Directory.Build.props = Directory.Build.props
		StyleCop.ruleset = StyleCop.ruleset
	EndProjectSection
EndProject
Project("{2150E333-8FDC-42A3-9474-1A3956D46DE8}") = "Environment Scripts", "Environment Scripts", "{6B094D33-099A-4681-9639-7F8F0C81D259}"
EndProject
Project("{2150E333-8FDC-42A3-9474-1A3956D46DE8}") = "Dev", "Dev", "{E11F4078-1357-4DCA-9F3C-EF52DB754BE8}"
	ProjectSection(SolutionItems) = preProject
		Environment Scripts\Dev\uks-lhcontentserver_createenv.ps1 = Environment Scripts\Dev\uks-lhcontentserver_createenv.ps1
		Environment Scripts\Dev\uks-lhcontentserver_createnetwork.ps1 = Environment Scripts\Dev\uks-lhcontentserver_createnetwork.ps1
		Environment Scripts\Dev\uks-lhcontentserver_cse.ps1 = Environment Scripts\Dev\uks-lhcontentserver_cse.ps1
	EndProjectSection
EndProject
Project("{2150E333-8FDC-42A3-9474-1A3956D46DE8}") = "Prod", "Prod", "{78F2745B-83FE-4C14-AFFD-96B422FCB85C}"
	ProjectSection(SolutionItems) = preProject
		Environment Scripts\Prod\uks-lhcontentserver_createenv.ps1 = Environment Scripts\Prod\uks-lhcontentserver_createenv.ps1
		Environment Scripts\Prod\uks-lhcontentserver_createnetwork.ps1 = Environment Scripts\Prod\uks-lhcontentserver_createnetwork.ps1
		Environment Scripts\Prod\uks-lhcontentserver_cse.ps1 = Environment Scripts\Prod\uks-lhcontentserver_cse.ps1
	EndProjectSection
EndProject
Project("{2150E333-8FDC-42A3-9474-1A3956D46DE8}") = "Test", "Test", "{89360D34-D4A2-4D90-8787-BE449162FA79}"
	ProjectSection(SolutionItems) = preProject
		Environment Scripts\Test\uks-lhcontentserver_createenv.ps1 = Environment Scripts\Test\uks-lhcontentserver_createenv.ps1
		Environment Scripts\Test\uks-lhcontentserver_createnetwork.ps1 = Environment Scripts\Test\uks-lhcontentserver_createnetwork.ps1
		Environment Scripts\Test\uks-lhcontentserver_cse.ps1 = Environment Scripts\Test\uks-lhcontentserver_cse.ps1
	EndProjectSection
EndProject
Project("{2150E333-8FDC-42A3-9474-1A3956D46DE8}") = "Uat", "Uat", "{D179127E-E5D2-4003-903A-375FD007711C}"
	ProjectSection(SolutionItems) = preProject
		Environment Scripts\Uat\uks-lhcontentserver_createenv.ps1 = Environment Scripts\Uat\uks-lhcontentserver_createenv.ps1
		Environment Scripts\Uat\uks-lhcontentserver_createnetwork.ps1 = Environment Scripts\Uat\uks-lhcontentserver_createnetwork.ps1
		Environment Scripts\Uat\uks-lhcontentserver_cse.ps1 = Environment Scripts\Uat\uks-lhcontentserver_cse.ps1
	EndProjectSection
EndProject
Global
	GlobalSection(SolutionConfigurationPlatforms) = preSolution
		Debug|Any CPU = Debug|Any CPU
		Release|Any CPU = Release|Any CPU
	EndGlobalSection
	GlobalSection(ProjectConfigurationPlatforms) = postSolution
		{A04F5120-FBE1-4877-8DA3-605532C560E3}.Debug|Any CPU.ActiveCfg = Debug|Any CPU
		{A04F5120-FBE1-4877-8DA3-605532C560E3}.Debug|Any CPU.Build.0 = Debug|Any CPU
		{A04F5120-FBE1-4877-8DA3-605532C560E3}.Release|Any CPU.ActiveCfg = Release|Any CPU
		{A04F5120-FBE1-4877-8DA3-605532C560E3}.Release|Any CPU.Build.0 = Release|Any CPU
	EndGlobalSection
	GlobalSection(SolutionProperties) = preSolution
		HideSolutionNode = FALSE
	EndGlobalSection
	GlobalSection(NestedProjects) = preSolution
		{E11F4078-1357-4DCA-9F3C-EF52DB754BE8} = {6B094D33-099A-4681-9639-7F8F0C81D259}
		{78F2745B-83FE-4C14-AFFD-96B422FCB85C} = {6B094D33-099A-4681-9639-7F8F0C81D259}
		{89360D34-D4A2-4D90-8787-BE449162FA79} = {6B094D33-099A-4681-9639-7F8F0C81D259}
		{D179127E-E5D2-4003-903A-375FD007711C} = {6B094D33-099A-4681-9639-7F8F0C81D259}
	EndGlobalSection
	GlobalSection(ExtensibilityGlobals) = postSolution
		SolutionGuid = {B548ACD9-DA2C-42F4-8F9C-293FBD20D4E3}
	EndGlobalSection
EndGlobal
